
Microsoft Visual Studio Solution File, Format Version 12.00
# Visual Studio Version 17
VisualStudioVersion = 17.4.33103.184
MinimumVisualStudioVersion = 10.0.40219.1
Project("{888888A0-9F3D-457C-B088-3A5042F75D52}") = "Roberta", "Roberta\Roberta.pyproj", "{CF648E3C-6846-4B3D-B7DB-7088927C3382}"
EndProject
Project("{2150E333-8FDC-42A3-9474-1A3956D46DE8}") = "Solution Items", "Solution Items", "{0B72C3FE-A283-4339-99B9-8C44F05C0FCF}"
	ProjectSection(SolutionItems) = preProject
		test.csv = test.csv
	EndProjectSection
EndProject
Project("{888888A0-9F3D-457C-B088-3A5042F75D52}") = "PythonSentiment", "..\PythonSentiment\PythonSentiment\PythonSentiment.pyproj", "{34F442EC-ED42-460C-A38F-2889CC329174}"
EndProject
Project("{9A19103F-16F7-4668-BE54-9A1E7A4F7556}") = "SentimentAnalisys", "..\SentimentAnalisys\SentimentAnalisys\SentimentAnalisys.csproj", "{E4E354AB-985B-4D65-8446-CEF1841FEA99}"
EndProject
Project("{9A19103F-16F7-4668-BE54-9A1E7A4F7556}") = "MulticlassClassification", "..\MulticlassClassification\MulticlassClassification\MulticlassClassification.csproj", "{4E2E073E-1B2B-414F-83BE-566D49890520}"
EndProject
Global
	GlobalSection(SolutionConfigurationPlatforms) = preSolution
		Debug|Any CPU = Debug|Any CPU
		Release|Any CPU = Release|Any CPU
	EndGlobalSection
	GlobalSection(ProjectConfigurationPlatforms) = postSolution
		{CF648E3C-6846-4B3D-B7DB-7088927C3382}.Debug|Any CPU.ActiveCfg = Debug|Any CPU
		{CF648E3C-6846-4B3D-B7DB-7088927C3382}.Release|Any CPU.ActiveCfg = Release|Any CPU
		{34F442EC-ED42-460C-A38F-2889CC329174}.Debug|Any CPU.ActiveCfg = Debug|Any CPU
		{34F442EC-ED42-460C-A38F-2889CC329174}.Release|Any CPU.ActiveCfg = Release|Any CPU
		{E4E354AB-985B-4D65-8446-CEF1841FEA99}.Debug|Any CPU.ActiveCfg = Debug|Any CPU
		{E4E354AB-985B-4D65-8446-CEF1841FEA99}.Debug|Any CPU.Build.0 = Debug|Any CPU
		{E4E354AB-985B-4D65-8446-CEF1841FEA99}.Release|Any CPU.ActiveCfg = Release|Any CPU
		{E4E354AB-985B-4D65-8446-CEF1841FEA99}.Release|Any CPU.Build.0 = Release|Any CPU
		{4E2E073E-1B2B-414F-83BE-566D49890520}.Debug|Any CPU.ActiveCfg = Debug|Any CPU
		{4E2E073E-1B2B-414F-83BE-566D49890520}.Debug|Any CPU.Build.0 = Debug|Any CPU
		{4E2E073E-1B2B-414F-83BE-566D49890520}.Release|Any CPU.ActiveCfg = Release|Any CPU
		{4E2E073E-1B2B-414F-83BE-566D49890520}.Release|Any CPU.Build.0 = Release|Any CPU
	EndGlobalSection
	GlobalSection(SolutionProperties) = preSolution
		HideSolutionNode = FALSE
	EndGlobalSection
	GlobalSection(ExtensibilityGlobals) = postSolution
		SolutionGuid = {AC020D86-9CBF-4C95-836B-398E5121F3A4}
	EndGlobalSection
EndGlobal
